
Microsoft Visual Studio Solution File, Format Version 12.00
# Visual Studio Version 17
VisualStudioVersion = 17.14.37216.2 d17.14
MinimumVisualStudioVersion = 10.0.40219.1
Project("{FAE04EC0-301F-11D3-BF4B-00C04F79EFBC}") = "Adv1", "Adv1\Adv1.csproj", "{7E1087F9-C307-46F6-BF04-692747C16873}"
EndProject
Global
	GlobalSection(SolutionConfigurationPlatforms) = preSolution
		Debug|Any CPU = Debug|Any CPU
		Release|Any CPU = Release|Any CPU
	EndGlobalSection
	GlobalSection(ProjectConfigurationPlatforms) = postSolution
		{7E1087F9-C307-46F6-BF04-692747C16873}.Debug|Any CPU.ActiveCfg = Debug|Any CPU
		{7E1087F9-C307-46F6-BF04-692747C16873}.Debug|Any CPU.Build.0 = Debug|Any CPU
		{7E1087F9-C307-46F6-BF04-692747C16873}.Release|Any CPU.ActiveCfg = Release|Any CPU
		{7E1087F9-C307-46F6-BF04-692747C16873}.Release|Any CPU.Build.0 = Release|Any CPU
	EndGlobalSection
	GlobalSection(SolutionProperties) = preSolution
		HideSolutionNode = FALSE
	EndGlobalSection
	GlobalSection(ExtensibilityGlobals) = postSolution
		SolutionGuid = {59B9BB44-7CBF-4893-B59D-D18C603858F3}
	EndGlobalSection
EndGlobal
